
Microsoft Visual Studio Solution File, Format Version 12.00
# Visual Studio Version 17
VisualStudioVersion = 17.11.35103.136
MinimumVisualStudioVersion = 10.0.40219.1
Project("{FAE04EC0-301F-11D3-BF4B-00C04F79EFBC}") = "MauiApp1", "MauiApp1\MauiApp1.csproj", "{5CC4FABD-26FC-4121-A014-0844C0E87E63}"
EndProject
Global
	GlobalSection(SolutionConfigurationPlatforms) = preSolution
		Debug|Any CPU = Debug|Any CPU
		Release|Any CPU = Release|Any CPU
	EndGlobalSection
	GlobalSection(ProjectConfigurationPlatforms) = postSolution
		{5CC4FABD-26FC-4121-A014-0844C0E87E63}.Debug|Any CPU.ActiveCfg = Debug|Any CPU
		{5CC4FABD-26FC-4121-A014-0844C0E87E63}.Debug|Any CPU.Build.0 = Debug|Any CPU
		{5CC4FABD-26FC-4121-A014-0844C0E87E63}.Debug|Any CPU.Deploy.0 = Debug|Any CPU
		{5CC4FABD-26FC-4121-A014-0844C0E87E63}.Release|Any CPU.ActiveCfg = Release|Any CPU
		{5CC4FABD-26FC-4121-A014-0844C0E87E63}.Release|Any CPU.Build.0 = Release|Any CPU
		{5CC4FABD-26FC-4121-A014-0844C0E87E63}.Release|Any CPU.Deploy.0 = Release|Any CPU
	EndGlobalSection
	GlobalSection(SolutionProperties) = preSolution
		HideSolutionNode = FALSE
	EndGlobalSection
	GlobalSection(ExtensibilityGlobals) = postSolution
		SolutionGuid = {B519AE82-B647-404E-8379-D3AE32B515C8}
	EndGlobalSection
EndGlobal
